
Microsoft Visual Studio Solution File, Format Version 12.00
# Visual Studio Version 16
VisualStudioVersion = 16.0.30717.126
MinimumVisualStudioVersion = 10.0.40219.1
Project("{FAE04EC0-301F-11D3-BF4B-00C04F79EFBC}") = "Gierka", "Gierka\Gierka.csproj", "{2263784A-2383-4230-8404-852FEF9B7D5D}"
EndProject
Global
	GlobalSection(SolutionConfigurationPlatforms) = preSolution
		Debug|Any CPU = Debug|Any CPU
		Release|Any CPU = Release|Any CPU
	EndGlobalSection
	GlobalSection(ProjectConfigurationPlatforms) = postSolution
		{2263784A-2383-4230-8404-852FEF9B7D5D}.Debug|Any CPU.ActiveCfg = Debug|Any CPU
		{2263784A-2383-4230-8404-852FEF9B7D5D}.Debug|Any CPU.Build.0 = Debug|Any CPU
		{2263784A-2383-4230-8404-852FEF9B7D5D}.Release|Any CPU.ActiveCfg = Release|Any CPU
		{2263784A-2383-4230-8404-852FEF9B7D5D}.Release|Any CPU.Build.0 = Release|Any CPU
	EndGlobalSection
	GlobalSection(SolutionProperties) = preSolution
		HideSolutionNode = FALSE
	EndGlobalSection
	GlobalSection(ExtensibilityGlobals) = postSolution
		SolutionGuid = {18C8F99B-792F-40A0-B5DD-296C7CF556AA}
	EndGlobalSection
EndGlobal
